
Microsoft Visual Studio Solution File, Format Version 12.00
# Visual Studio 15
VisualStudioVersion = 15.0.28307.168
MinimumVisualStudioVersion = 10.0.40219.1
Project("{FAE04EC0-301F-11D3-BF4B-00C04F79EFBC}") = "DiagramEditor", "DiagramEditor\DiagramEditor.csproj", "{2AD68588-5986-490B-9F02-9C6183608F61}"
EndProject
Global
	GlobalSection(SolutionConfigurationPlatforms) = preSolution
		Debug|Any CPU = Debug|Any CPU
		Release|Any CPU = Release|Any CPU
	EndGlobalSection
	GlobalSection(ProjectConfigurationPlatforms) = postSolution
		{2AD68588-5986-490B-9F02-9C6183608F61}.Debug|Any CPU.ActiveCfg = Debug|Any CPU
		{2AD68588-5986-490B-9F02-9C6183608F61}.Debug|Any CPU.Build.0 = Debug|Any CPU
		{2AD68588-5986-490B-9F02-9C6183608F61}.Release|Any CPU.ActiveCfg = Release|Any CPU
		{2AD68588-5986-490B-9F02-9C6183608F61}.Release|Any CPU.Build.0 = Release|Any CPU
	EndGlobalSection
	GlobalSection(SolutionProperties) = preSolution
		HideSolutionNode = FALSE
	EndGlobalSection
	GlobalSection(ExtensibilityGlobals) = postSolution
		SolutionGuid = {982D0DB2-FBB4-4B04-B291-2D9ADA67C698}
	EndGlobalSection
EndGlobal
